
Microsoft Visual Studio Solution File, Format Version 12.00
# Visual Studio Version 17
VisualStudioVersion = 17.0.31903.59
MinimumVisualStudioVersion = 10.0.40219.1
Project("{FAE04EC0-301F-11D3-BF4B-00C04F79EFBC}") = "personal-blog.core", "personal-blog.core\personal-blog.core.csproj", "{8F704A13-2885-4227-AEEF-31A80C9DF677}"
EndProject
Project("{FAE04EC0-301F-11D3-BF4B-00C04F79EFBC}") = "personal-blog.Api", "personal-blog.Api\personal-blog.Api.csproj", "{FF0B22A3-828D-490D-A31D-28AD1EC89B70}"
EndProject
Project("{FAE04EC0-301F-11D3-BF4B-00C04F79EFBC}") = "personal-blog.front", "personal-blog.front\personal-blog.front.csproj", "{F774FDCF-83B8-4DA5-8FE3-E0C8541A1CEE}"
EndProject
Global
	GlobalSection(SolutionConfigurationPlatforms) = preSolution
		Debug|Any CPU = Debug|Any CPU
		Debug|x64 = Debug|x64
		Debug|x86 = Debug|x86
		Release|Any CPU = Release|Any CPU
		Release|x64 = Release|x64
		Release|x86 = Release|x86
	EndGlobalSection
	GlobalSection(ProjectConfigurationPlatforms) = postSolution
		{8F704A13-2885-4227-AEEF-31A80C9DF677}.Debug|Any CPU.ActiveCfg = Debug|Any CPU
		{8F704A13-2885-4227-AEEF-31A80C9DF677}.Debug|Any CPU.Build.0 = Debug|Any CPU
		{8F704A13-2885-4227-AEEF-31A80C9DF677}.Debug|x64.ActiveCfg = Debug|Any CPU
		{8F704A13-2885-4227-AEEF-31A80C9DF677}.Debug|x64.Build.0 = Debug|Any CPU
		{8F704A13-2885-4227-AEEF-31A80C9DF677}.Debug|x86.ActiveCfg = Debug|Any CPU
		{8F704A13-2885-4227-AEEF-31A80C9DF677}.Debug|x86.Build.0 = Debug|Any CPU
		{8F704A13-2885-4227-AEEF-31A80C9DF677}.Release|Any CPU.ActiveCfg = Release|Any CPU
		{8F704A13-2885-4227-AEEF-31A80C9DF677}.Release|Any CPU.Build.0 = Release|Any CPU
		{8F704A13-2885-4227-AEEF-31A80C9DF677}.Release|x64.ActiveCfg = Release|Any CPU
		{8F704A13-2885-4227-AEEF-31A80C9DF677}.Release|x64.Build.0 = Release|Any CPU
		{8F704A13-2885-4227-AEEF-31A80C9DF677}.Release|x86.ActiveCfg = Release|Any CPU
		{8F704A13-2885-4227-AEEF-31A80C9DF677}.Release|x86.Build.0 = Release|Any CPU
		{FF0B22A3-828D-490D-A31D-28AD1EC89B70}.Debug|Any CPU.ActiveCfg = Debug|Any CPU
		{FF0B22A3-828D-490D-A31D-28AD1EC89B70}.Debug|Any CPU.Build.0 = Debug|Any CPU
		{FF0B22A3-828D-490D-A31D-28AD1EC89B70}.Debug|x64.ActiveCfg = Debug|Any CPU
		{FF0B22A3-828D-490D-A31D-28AD1EC89B70}.Debug|x64.Build.0 = Debug|Any CPU
		{FF0B22A3-828D-490D-A31D-28AD1EC89B70}.Debug|x86.ActiveCfg = Debug|Any CPU
		{FF0B22A3-828D-490D-A31D-28AD1EC89B70}.Debug|x86.Build.0 = Debug|Any CPU
		{FF0B22A3-828D-490D-A31D-28AD1EC89B70}.Release|Any CPU.ActiveCfg = Release|Any CPU
		{FF0B22A3-828D-490D-A31D-28AD1EC89B70}.Release|Any CPU.Build.0 = Release|Any CPU
		{FF0B22A3-828D-490D-A31D-28AD1EC89B70}.Release|x64.ActiveCfg = Release|Any CPU
		{FF0B22A3-828D-490D-A31D-28AD1EC89B70}.Release|x64.Build.0 = Release|Any CPU
		{FF0B22A3-828D-490D-A31D-28AD1EC89B70}.Release|x86.ActiveCfg = Release|Any CPU
		{FF0B22A3-828D-490D-A31D-28AD1EC89B70}.Release|x86.Build.0 = Release|Any CPU
		{F774FDCF-83B8-4DA5-8FE3-E0C8541A1CEE}.Debug|Any CPU.ActiveCfg = Debug|Any CPU
		{F774FDCF-83B8-4DA5-8FE3-E0C8541A1CEE}.Debug|Any CPU.Build.0 = Debug|Any CPU
		{F774FDCF-83B8-4DA5-8FE3-E0C8541A1CEE}.Debug|x64.ActiveCfg = Debug|Any CPU
		{F774FDCF-83B8-4DA5-8FE3-E0C8541A1CEE}.Debug|x64.Build.0 = Debug|Any CPU
		{F774FDCF-83B8-4DA5-8FE3-E0C8541A1CEE}.Debug|x86.ActiveCfg = Debug|Any CPU
		{F774FDCF-83B8-4DA5-8FE3-E0C8541A1CEE}.Debug|x86.Build.0 = Debug|Any CPU
		{F774FDCF-83B8-4DA5-8FE3-E0C8541A1CEE}.Release|Any CPU.ActiveCfg = Release|Any CPU
		{F774FDCF-83B8-4DA5-8FE3-E0C8541A1CEE}.Release|Any CPU.Build.0 = Release|Any CPU
		{F774FDCF-83B8-4DA5-8FE3-E0C8541A1CEE}.Release|x64.ActiveCfg = Release|Any CPU
		{F774FDCF-83B8-4DA5-8FE3-E0C8541A1CEE}.Release|x64.Build.0 = Release|Any CPU
		{F774FDCF-83B8-4DA5-8FE3-E0C8541A1CEE}.Release|x86.ActiveCfg = Release|Any CPU
		{F774FDCF-83B8-4DA5-8FE3-E0C8541A1CEE}.Release|x86.Build.0 = Release|Any CPU
	EndGlobalSection
	GlobalSection(SolutionProperties) = preSolution
		HideSolutionNode = FALSE
	EndGlobalSection
EndGlobal
