
Microsoft Visual Studio Solution File, Format Version 12.00
# Visual Studio Version 17
VisualStudioVersion = 17.0.31903.59
MinimumVisualStudioVersion = 10.0.40219.1
Project("{FAE04EC0-301F-11D3-BF4B-00C04F79EFBC}") = "personal-blog.core", "personal-blog.core\personal-blog.core.csproj", "{2B23A089-0E20-46C9-9793-EE270E488A8A}"
EndProject
Project("{FAE04EC0-301F-11D3-BF4B-00C04F79EFBC}") = "personal-blog.admin", "personal-blog.admin\personal-blog.admin.csproj", "{4E2D5DAB-D937-40F6-A6B8-5A0E641A17DD}"
EndProject
Project("{FAE04EC0-301F-11D3-BF4B-00C04F79EFBC}") = "personal-blog.api", "personal-blog.api\personal-blog.api.csproj", "{4A8F4068-AC30-4DDA-A431-D5CD23F80DB0}"
EndProject
Project("{FAE04EC0-301F-11D3-BF4B-00C04F79EFBC}") = "personal-blog.front", "personal-blog.front\personal-blog.front.csproj", "{9E9607C3-0042-47CC-9B3C-CC08F8F3B60E}"
EndProject
Global
	GlobalSection(SolutionConfigurationPlatforms) = preSolution
		Debug|Any CPU = Debug|Any CPU
		Debug|x64 = Debug|x64
		Debug|x86 = Debug|x86
		Release|Any CPU = Release|Any CPU
		Release|x64 = Release|x64
		Release|x86 = Release|x86
	EndGlobalSection
	GlobalSection(ProjectConfigurationPlatforms) = postSolution
		{2B23A089-0E20-46C9-9793-EE270E488A8A}.Debug|Any CPU.ActiveCfg = Debug|Any CPU
		{2B23A089-0E20-46C9-9793-EE270E488A8A}.Debug|Any CPU.Build.0 = Debug|Any CPU
		{2B23A089-0E20-46C9-9793-EE270E488A8A}.Debug|x64.ActiveCfg = Debug|Any CPU
		{2B23A089-0E20-46C9-9793-EE270E488A8A}.Debug|x64.Build.0 = Debug|Any CPU
		{2B23A089-0E20-46C9-9793-EE270E488A8A}.Debug|x86.ActiveCfg = Debug|Any CPU
		{2B23A089-0E20-46C9-9793-EE270E488A8A}.Debug|x86.Build.0 = Debug|Any CPU
		{2B23A089-0E20-46C9-9793-EE270E488A8A}.Release|Any CPU.ActiveCfg = Release|Any CPU
		{2B23A089-0E20-46C9-9793-EE270E488A8A}.Release|Any CPU.Build.0 = Release|Any CPU
		{2B23A089-0E20-46C9-9793-EE270E488A8A}.Release|x64.ActiveCfg = Release|Any CPU
		{2B23A089-0E20-46C9-9793-EE270E488A8A}.Release|x64.Build.0 = Release|Any CPU
		{2B23A089-0E20-46C9-9793-EE270E488A8A}.Release|x86.ActiveCfg = Release|Any CPU
		{2B23A089-0E20-46C9-9793-EE270E488A8A}.Release|x86.Build.0 = Release|Any CPU
		{4E2D5DAB-D937-40F6-A6B8-5A0E641A17DD}.Debug|Any CPU.ActiveCfg = Debug|Any CPU
		{4E2D5DAB-D937-40F6-A6B8-5A0E641A17DD}.Debug|Any CPU.Build.0 = Debug|Any CPU
		{4E2D5DAB-D937-40F6-A6B8-5A0E641A17DD}.Debug|x64.ActiveCfg = Debug|Any CPU
		{4E2D5DAB-D937-40F6-A6B8-5A0E641A17DD}.Debug|x64.Build.0 = Debug|Any CPU
		{4E2D5DAB-D937-40F6-A6B8-5A0E641A17DD}.Debug|x86.ActiveCfg = Debug|Any CPU
		{4E2D5DAB-D937-40F6-A6B8-5A0E641A17DD}.Debug|x86.Build.0 = Debug|Any CPU
		{4E2D5DAB-D937-40F6-A6B8-5A0E641A17DD}.Release|Any CPU.ActiveCfg = Release|Any CPU
		{4E2D5DAB-D937-40F6-A6B8-5A0E641A17DD}.Release|Any CPU.Build.0 = Release|Any CPU
		{4E2D5DAB-D937-40F6-A6B8-5A0E641A17DD}.Release|x64.ActiveCfg = Release|Any CPU
		{4E2D5DAB-D937-40F6-A6B8-5A0E641A17DD}.Release|x64.Build.0 = Release|Any CPU
		{4E2D5DAB-D937-40F6-A6B8-5A0E641A17DD}.Release|x86.ActiveCfg = Release|Any CPU
		{4E2D5DAB-D937-40F6-A6B8-5A0E641A17DD}.Release|x86.Build.0 = Release|Any CPU
		{4A8F4068-AC30-4DDA-A431-D5CD23F80DB0}.Debug|Any CPU.ActiveCfg = Debug|Any CPU
		{4A8F4068-AC30-4DDA-A431-D5CD23F80DB0}.Debug|Any CPU.Build.0 = Debug|Any CPU
		{4A8F4068-AC30-4DDA-A431-D5CD23F80DB0}.Debug|x64.ActiveCfg = Debug|Any CPU
		{4A8F4068-AC30-4DDA-A431-D5CD23F80DB0}.Debug|x64.Build.0 = Debug|Any CPU
		{4A8F4068-AC30-4DDA-A431-D5CD23F80DB0}.Debug|x86.ActiveCfg = Debug|Any CPU
		{4A8F4068-AC30-4DDA-A431-D5CD23F80DB0}.Debug|x86.Build.0 = Debug|Any CPU
		{4A8F4068-AC30-4DDA-A431-D5CD23F80DB0}.Release|Any CPU.ActiveCfg = Release|Any CPU
		{4A8F4068-AC30-4DDA-A431-D5CD23F80DB0}.Release|Any CPU.Build.0 = Release|Any CPU
		{4A8F4068-AC30-4DDA-A431-D5CD23F80DB0}.Release|x64.ActiveCfg = Release|Any CPU
		{4A8F4068-AC30-4DDA-A431-D5CD23F80DB0}.Release|x64.Build.0 = Release|Any CPU
		{4A8F4068-AC30-4DDA-A431-D5CD23F80DB0}.Release|x86.ActiveCfg = Release|Any CPU
		{4A8F4068-AC30-4DDA-A431-D5CD23F80DB0}.Release|x86.Build.0 = Release|Any CPU
		{9E9607C3-0042-47CC-9B3C-CC08F8F3B60E}.Debug|Any CPU.ActiveCfg = Debug|Any CPU
		{9E9607C3-0042-47CC-9B3C-CC08F8F3B60E}.Debug|Any CPU.Build.0 = Debug|Any CPU
		{9E9607C3-0042-47CC-9B3C-CC08F8F3B60E}.Debug|x64.ActiveCfg = Debug|Any CPU
		{9E9607C3-0042-47CC-9B3C-CC08F8F3B60E}.Debug|x64.Build.0 = Debug|Any CPU
		{9E9607C3-0042-47CC-9B3C-CC08F8F3B60E}.Debug|x86.ActiveCfg = Debug|Any CPU
		{9E9607C3-0042-47CC-9B3C-CC08F8F3B60E}.Debug|x86.Build.0 = Debug|Any CPU
		{9E9607C3-0042-47CC-9B3C-CC08F8F3B60E}.Release|Any CPU.ActiveCfg = Release|Any CPU
		{9E9607C3-0042-47CC-9B3C-CC08F8F3B60E}.Release|Any CPU.Build.0 = Release|Any CPU
		{9E9607C3-0042-47CC-9B3C-CC08F8F3B60E}.Release|x64.ActiveCfg = Release|Any CPU
		{9E9607C3-0042-47CC-9B3C-CC08F8F3B60E}.Release|x64.Build.0 = Release|Any CPU
		{9E9607C3-0042-47CC-9B3C-CC08F8F3B60E}.Release|x86.ActiveCfg = Release|Any CPU
		{9E9607C3-0042-47CC-9B3C-CC08F8F3B60E}.Release|x86.Build.0 = Release|Any CPU
	EndGlobalSection
	GlobalSection(SolutionProperties) = preSolution
		HideSolutionNode = FALSE
	EndGlobalSection
EndGlobal
